
Microsoft Visual Studio Solution File, Format Version 12.00
# Visual Studio 15
VisualStudioVersion = 15.0.28307.329
MinimumVisualStudioVersion = 10.0.40219.1
Project("{FAE04EC0-301F-11D3-BF4B-00C04F79EFBC}") = "gTarrGames.Web", "gTarrGames.Web\gTarrGames.Web.csproj", "{3214E1AA-5E64-42AE-BCB1-C436694810BC}"
EndProject
Project("{FAE04EC0-301F-11D3-BF4B-00C04F79EFBC}") = "gTarrGames.Domain", "gTarrGames.Domain\gTarrGames.Domain.csproj", "{015B0C38-7D70-4919-B73D-60424E0CBD4D}"
EndProject
Project("{FAE04EC0-301F-11D3-BF4B-00C04F79EFBC}") = "gTarrGames.Shared", "gTarrGames.Shared\gTarrGames.Shared.csproj", "{D36B8538-A6DA-433F-84D5-162D331E29C7}"
EndProject
Project("{FAE04EC0-301F-11D3-BF4B-00C04F79EFBC}") = "gTarrGames.Test", "gTarrGames.Test\gTarrGames.Test.csproj", "{014D2903-9430-4D80-A4E5-D9D816FAA79C}"
EndProject
Global
	GlobalSection(SolutionConfigurationPlatforms) = preSolution
		Debug|Any CPU = Debug|Any CPU
		Release|Any CPU = Release|Any CPU
	EndGlobalSection
	GlobalSection(ProjectConfigurationPlatforms) = postSolution
		{3214E1AA-5E64-42AE-BCB1-C436694810BC}.Debug|Any CPU.ActiveCfg = Debug|Any CPU
		{3214E1AA-5E64-42AE-BCB1-C436694810BC}.Debug|Any CPU.Build.0 = Debug|Any CPU
		{3214E1AA-5E64-42AE-BCB1-C436694810BC}.Release|Any CPU.ActiveCfg = Release|Any CPU
		{3214E1AA-5E64-42AE-BCB1-C436694810BC}.Release|Any CPU.Build.0 = Release|Any CPU
		{015B0C38-7D70-4919-B73D-60424E0CBD4D}.Debug|Any CPU.ActiveCfg = Debug|Any CPU
		{015B0C38-7D70-4919-B73D-60424E0CBD4D}.Debug|Any CPU.Build.0 = Debug|Any CPU
		{015B0C38-7D70-4919-B73D-60424E0CBD4D}.Release|Any CPU.ActiveCfg = Release|Any CPU
		{015B0C38-7D70-4919-B73D-60424E0CBD4D}.Release|Any CPU.Build.0 = Release|Any CPU
		{D36B8538-A6DA-433F-84D5-162D331E29C7}.Debug|Any CPU.ActiveCfg = Debug|Any CPU
		{D36B8538-A6DA-433F-84D5-162D331E29C7}.Debug|Any CPU.Build.0 = Debug|Any CPU
		{D36B8538-A6DA-433F-84D5-162D331E29C7}.Release|Any CPU.ActiveCfg = Release|Any CPU
		{D36B8538-A6DA-433F-84D5-162D331E29C7}.Release|Any CPU.Build.0 = Release|Any CPU
		{014D2903-9430-4D80-A4E5-D9D816FAA79C}.Debug|Any CPU.ActiveCfg = Debug|Any CPU
		{014D2903-9430-4D80-A4E5-D9D816FAA79C}.Debug|Any CPU.Build.0 = Debug|Any CPU
		{014D2903-9430-4D80-A4E5-D9D816FAA79C}.Release|Any CPU.ActiveCfg = Release|Any CPU
		{014D2903-9430-4D80-A4E5-D9D816FAA79C}.Release|Any CPU.Build.0 = Release|Any CPU
	EndGlobalSection
	GlobalSection(SolutionProperties) = preSolution
		HideSolutionNode = FALSE
	EndGlobalSection
	GlobalSection(ExtensibilityGlobals) = postSolution
		SolutionGuid = {46223A26-7178-4A9B-ADDA-6C5AC5BC4956}
	EndGlobalSection
EndGlobal
